{
  "name": "playwright-a11y-axe",
  "version": "1.0.0",
  "lockfileVersion": 1,
  "requires": true,
  "dependencies": {
    "at-least-node": {
      "version": "1.0.0",
      "resolved": "https://registry.npmjs.org/at-least-node/-/at-least-node-1.0.0.tgz",
      "integrity": "sha512-+q/t7Ekv1EDY2l6Gda6LLiX14rU9TV20Wa3ofeQmwPFZbOMo9DXrLbOjFaaclkXKWidIaopwAObQDqwWtGUjqg=="
    },
    "axe-core": {
      "version": "3.5.3",
      "resolved": "https://registry.npmjs.org/axe-core/-/axe-core-3.5.3.tgz",
      "integrity": "sha512-HZpLE7xu05+8AbpqXITGdxp1Xwk8ysAXrg7MiKRY27py3DAyEJpoJQo1727pWF3F+O79V3r+cTWhOzfB49P89w=="
    },
    "axe-puppeteer": {
      "version": "1.1.0",
      "resolved": "https://registry.npmjs.org/axe-puppeteer/-/axe-puppeteer-1.1.0.tgz",
      "integrity": "sha512-VS17Y1rDQe6A0PdeTPxwOSBfmOdj6efgxyre9cN1du1snnVilczSDtQsgifBKBlzoL/3DKfGpgIi+N+zrzODOg==",
      "requires": {
        "axe-core": "^3.5.3"
      }
    },
    "fs-extra": {
      "version": "9.0.0",
      "resolved": "https://registry.npmjs.org/fs-extra/-/fs-extra-9.0.0.tgz",
      "integrity": "sha512-pmEYSk3vYsG/bF651KPUXZ+hvjpgWYw/Gc7W9NFUe3ZVLczKKWIij3IKpOrQcdw4TILtibFslZ0UmR8Vvzig4g==",
      "requires": {
        "at-least-node": "^1.0.0",
        "graceful-fs": "^4.2.0",
        "jsonfile": "^6.0.1",
        "universalify": "^1.0.0"
      }
    },
    "graceful-fs": {
      "version": "4.2.3",
      "resolved": "https://registry.npmjs.org/graceful-fs/-/graceful-fs-4.2.3.tgz",
      "integrity": "sha512-a30VEBm4PEdx1dRB7MFK7BejejvCvBronbLjht+sHuGYj8PHs7M/5Z+rt5lw551vZ7yfTCj4Vuyy3mSJytDWRQ=="
    },
    "jsonfile": {
      "version": "6.0.1",
      "resolved": "https://registry.npmjs.org/jsonfile/-/jsonfile-6.0.1.tgz",
      "integrity": "sha512-jR2b5v7d2vIOust+w3wtFKZIfpC2pnRmFAhAC/BuweZFQR8qZzxH1OyrQ10HmdVYiXWkYUqPVsz91cG7EL2FBg==",
      "requires": {
        "graceful-fs": "^4.1.6",
        "universalify": "^1.0.0"
      }
    },
    "playwright": {
      "version": "1.35.1",
      "resolved": "https://registry.npmjs.org/playwright/-/playwright-1.35.1.tgz",
      "integrity": "sha512-NbwBeGJLu5m7VGM0+xtlmLAH9VUfWwYOhUi/lSEDyGg46r1CA9RWlvoc5yywxR9AzQb0mOCm7bWtOXV7/w43ZA==",
      "requires": {
        "playwright-core": "1.35.1"
      }
    },
    "playwright-core": {
      "version": "1.35.1",
      "resolved": "https://registry.npmjs.org/playwright-core/-/playwright-core-1.35.1.tgz",
      "integrity": "sha512-pNXb6CQ7OqmGDRspEjlxE49w+4YtR6a3X6mT1hZXeJHWmsEz7SunmvZeiG/+y1yyMZdHnnn73WKYdtV1er0Xyg=="
    },
    "universalify": {
      "version": "1.0.0",
      "resolved": "https://registry.npmjs.org/universalify/-/universalify-1.0.0.tgz",
      "integrity": "sha512-rb6X1W158d7pRQBg5gkR8uPaSfiids68LTJQYOtEUhoJUWBdaQHsuT/EUduxXYxcrt4r5PJ4fuHW1MHT6p0qug=="
    }
  }
}
